// !$*UTF8*$!
{
	archiveVersion = 1;
	classes = {
	};
	objectVersion = 56;
	objects = {

/* Begin PBXBuildFile section */
		1AB26679B2536C7B1A63F955 /* Pods_MovieRank_MovieRankUITests.framework in Frameworks */ = {isa = PBXBuildFile; fileRef = 56198FD3524AA0C072BAC703 /* Pods_MovieRank_MovieRankUITests.framework */; };
		D152B6CAECB9C8FEDCF33896 /* Pods_MovieRankTests.framework in Frameworks */ = {isa = PBXBuildFile; fileRef = ED14E65113BB6AD6FC08C9BE /* Pods_MovieRankTests.framework */; };
		E97619A65A6AEACD3A9F4A24 /* Pods_MovieRank.framework in Frameworks */ = {isa = PBXBuildFile; fileRef = 22F77DC94A978F25F2F67E4A /* Pods_MovieRank.framework */; };
		EB09C85C29F8B8E8001DF62B /* DetailViewController.swift in Sources */ = {isa = PBXBuildFile; fileRef = EB09C85B29F8B8E8001DF62B /* DetailViewController.swift */; };
		EB09C85E29F8D34F001DF62B /* Movie.swift in Sources */ = {isa = PBXBuildFile; fileRef = EB09C85D29F8D34F001DF62B /* Movie.swift */; };
		EB09C86229F8EADC001DF62B /* MainViewCell.swift in Sources */ = {isa = PBXBuildFile; fileRef = EB09C86129F8EADC001DF62B /* MainViewCell.swift */; };
		EB09C86429FA181C001DF62B /* DetailView.swift in Sources */ = {isa = PBXBuildFile; fileRef = EB09C86329FA181C001DF62B /* DetailView.swift */; };
		EB09C86629FA2662001DF62B /* CollectionReusableViewCollectionReusableView.swift in Sources */ = {isa = PBXBuildFile; fileRef = EB09C86529FA2662001DF62B /* CollectionReusableViewCollectionReusableView.swift */; };
		EB09C86829FA3435001DF62B /* PosterViewCell.swift in Sources */ = {isa = PBXBuildFile; fileRef = EB09C86729FA3435001DF62B /* PosterViewCell.swift */; };
		EB09C86A29FA3441001DF62B /* OverviewCell.swift in Sources */ = {isa = PBXBuildFile; fileRef = EB09C86929FA3441001DF62B /* OverviewCell.swift */; };
		EB09C86D29FA96B0001DF62B /* ViewModel.swift in Sources */ = {isa = PBXBuildFile; fileRef = EB09C86C29FA96B0001DF62B /* ViewModel.swift */; };
		EB0FC68129FB627F001E4590 /* APIManager.swift in Sources */ = {isa = PBXBuildFile; fileRef = EB0FC68029FB627F001E4590 /* APIManager.swift */; };
		EB84C6B129F818C200361D91 /* AppDelegate.swift in Sources */ = {isa = PBXBuildFile; fileRef = EB84C6B029F818C200361D91 /* AppDelegate.swift */; };
		EB84C6B329F818C200361D91 /* SceneDelegate.swift in Sources */ = {isa = PBXBuildFile; fileRef = EB84C6B229F818C200361D91 /* SceneDelegate.swift */; };
		EB84C6B829F818C200361D91 /* Main.storyboard in Resources */ = {isa = PBXBuildFile; fileRef = EB84C6B629F818C200361D91 /* Main.storyboard */; };
		EB84C6BA29F818C400361D91 /* Assets.xcassets in Resources */ = {isa = PBXBuildFile; fileRef = EB84C6B929F818C400361D91 /* Assets.xcassets */; };
		EB84C6BD29F818C400361D91 /* LaunchScreen.storyboard in Resources */ = {isa = PBXBuildFile; fileRef = EB84C6BB29F818C400361D91 /* LaunchScreen.storyboard */; };
		EB84C6C829F818C400361D91 /* MovieRankTests.swift in Sources */ = {isa = PBXBuildFile; fileRef = EB84C6C729F818C400361D91 /* MovieRankTests.swift */; };
		EB84C6D229F818C400361D91 /* MovieRankUITests.swift in Sources */ = {isa = PBXBuildFile; fileRef = EB84C6D129F818C400361D91 /* MovieRankUITests.swift */; };
		EB84C6D429F818C400361D91 /* MovieRankUITestsLaunchTests.swift in Sources */ = {isa = PBXBuildFile; fileRef = EB84C6D329F818C400361D91 /* MovieRankUITestsLaunchTests.swift */; };
		EB84C6E329F819C300361D91 /* MainViewController.swift in Sources */ = {isa = PBXBuildFile; fileRef = EB84C6E229F819C300361D91 /* MainViewController.swift */; };
		EB84C6E729F82CD100361D91 /* MainView.swift in Sources */ = {isa = PBXBuildFile; fileRef = EB84C6E629F82CD100361D91 /* MainView.swift */; };
		EBD98F4D29F8B83E00891BC9 /* APIKey.swift in Sources */ = {isa = PBXBuildFile; fileRef = EBD98F4C29F8B83E00891BC9 /* APIKey.swift */; };
/* End PBXBuildFile section */

/* Begin PBXContainerItemProxy section */
		EB84C6C429F818C400361D91 /* PBXContainerItemProxy */ = {
			isa = PBXContainerItemProxy;
			containerPortal = EB84C6A529F818C200361D91 /* Project object */;
			proxyType = 1;
			remoteGlobalIDString = EB84C6AC29F818C200361D91;
			remoteInfo = MovieRank;
		};
		EB84C6CE29F818C400361D91 /* PBXContainerItemProxy */ = {
			isa = PBXContainerItemProxy;
			containerPortal = EB84C6A529F818C200361D91 /* Project object */;
			proxyType = 1;
			remoteGlobalIDString = EB84C6AC29F818C200361D91;
			remoteInfo = MovieRank;
		};
/* End PBXContainerItemProxy section */

/* Begin PBXFileReference section */
		22F77DC94A978F25F2F67E4A /* Pods_MovieRank.framework */ = {isa = PBXFileReference; explicitFileType = wrapper.framework; includeInIndex = 0; path = Pods_MovieRank.framework; sourceTree = BUILT_PRODUCTS_DIR; };
		56198FD3524AA0C072BAC703 /* Pods_MovieRank_MovieRankUITests.framework */ = {isa = PBXFileReference; explicitFileType = wrapper.framework; includeInIndex = 0; path = Pods_MovieRank_MovieRankUITests.framework; sourceTree = BUILT_PRODUCTS_DIR; };
		5BA7634E7A75ECC1A17C5FFD /* Pods-MovieRankTests.release.xcconfig */ = {isa = PBXFileReference; includeInIndex = 1; lastKnownFileType = text.xcconfig; name = "Pods-MovieRankTests.release.xcconfig"; path = "Target Support Files/Pods-MovieRankTests/Pods-MovieRankTests.release.xcconfig"; sourceTree = "<group>"; };
		9196972D32F58F844538DB9C /* Pods-MovieRank-MovieRankUITests.release.xcconfig */ = {isa = PBXFileReference; includeInIndex = 1; lastKnownFileType = text.xcconfig; name = "Pods-MovieRank-MovieRankUITests.release.xcconfig"; path = "Target Support Files/Pods-MovieRank-MovieRankUITests/Pods-MovieRank-MovieRankUITests.release.xcconfig"; sourceTree = "<group>"; };
		A2B95DA0FDC8E15067B496BC /* Pods-MovieRankTests.debug.xcconfig */ = {isa = PBXFileReference; includeInIndex = 1; lastKnownFileType = text.xcconfig; name = "Pods-MovieRankTests.debug.xcconfig"; path = "Target Support Files/Pods-MovieRankTests/Pods-MovieRankTests.debug.xcconfig"; sourceTree = "<group>"; };
		A85EA2A7C4A2F22C5418624F /* Pods-MovieRank-MovieRankUITests.debug.xcconfig */ = {isa = PBXFileReference; includeInIndex = 1; lastKnownFileType = text.xcconfig; name = "Pods-MovieRank-MovieRankUITests.debug.xcconfig"; path = "Target Support Files/Pods-MovieRank-MovieRankUITests/Pods-MovieRank-MovieRankUITests.debug.xcconfig"; sourceTree = "<group>"; };
		B58124DC595923A46FDB6330 /* Pods-MovieRank.release.xcconfig */ = {isa = PBXFileReference; includeInIndex = 1; lastKnownFileType = text.xcconfig; name = "Pods-MovieRank.release.xcconfig"; path = "Target Support Files/Pods-MovieRank/Pods-MovieRank.release.xcconfig"; sourceTree = "<group>"; };
		E9F505FB97EA08474A4C56B6 /* Pods-MovieRank.debug.xcconfig */ = {isa = PBXFileReference; includeInIndex = 1; lastKnownFileType = text.xcconfig; name = "Pods-MovieRank.debug.xcconfig"; path = "Target Support Files/Pods-MovieRank/Pods-MovieRank.debug.xcconfig"; sourceTree = "<group>"; };
		EB09C85B29F8B8E8001DF62B /* DetailViewController.swift */ = {isa = PBXFileReference; lastKnownFileType = sourcecode.swift; path = DetailViewController.swift; sourceTree = "<group>"; };
		EB09C85D29F8D34F001DF62B /* Movie.swift */ = {isa = PBXFileReference; lastKnownFileType = sourcecode.swift; path = Movie.swift; sourceTree = "<group>"; };
		EB09C86129F8EADC001DF62B /* MainViewCell.swift */ = {isa = PBXFileReference; lastKnownFileType = sourcecode.swift; path = MainViewCell.swift; sourceTree = "<group>"; };
		EB09C86329FA181C001DF62B /* DetailView.swift */ = {isa = PBXFileReference; lastKnownFileType = sourcecode.swift; path = DetailView.swift; sourceTree = "<group>"; };
		EB09C86529FA2662001DF62B /* CollectionReusableViewCollectionReusableView.swift */ = {isa = PBXFileReference; lastKnownFileType = sourcecode.swift; path = CollectionReusableViewCollectionReusableView.swift; sourceTree = "<group>"; };
		EB09C86729FA3435001DF62B /* PosterViewCell.swift */ = {isa = PBXFileReference; lastKnownFileType = sourcecode.swift; path = PosterViewCell.swift; sourceTree = "<group>"; };
		EB09C86929FA3441001DF62B /* OverviewCell.swift */ = {isa = PBXFileReference; lastKnownFileType = sourcecode.swift; path = OverviewCell.swift; sourceTree = "<group>"; };
		EB09C86C29FA96B0001DF62B /* ViewModel.swift */ = {isa = PBXFileReference; lastKnownFileType = sourcecode.swift; path = ViewModel.swift; sourceTree = "<group>"; };
		EB0FC68029FB627F001E4590 /* APIManager.swift */ = {isa = PBXFileReference; lastKnownFileType = sourcecode.swift; path = APIManager.swift; sourceTree = "<group>"; };
		EB84C6AD29F818C200361D91 /* MovieRank.app */ = {isa = PBXFileReference; explicitFileType = wrapper.application; includeInIndex = 0; path = MovieRank.app; sourceTree = BUILT_PRODUCTS_DIR; };
		EB84C6B029F818C200361D91 /* AppDelegate.swift */ = {isa = PBXFileReference; lastKnownFileType = sourcecode.swift; path = AppDelegate.swift; sourceTree = "<group>"; };
		EB84C6B229F818C200361D91 /* SceneDelegate.swift */ = {isa = PBXFileReference; lastKnownFileType = sourcecode.swift; path = SceneDelegate.swift; sourceTree = "<group>"; };
		EB84C6B729F818C200361D91 /* Base */ = {isa = PBXFileReference; lastKnownFileType = file.storyboard; name = Base; path = Base.lproj/Main.storyboard; sourceTree = "<group>"; };
		EB84C6B929F818C400361D91 /* Assets.xcassets */ = {isa = PBXFileReference; lastKnownFileType = folder.assetcatalog; path = Assets.xcassets; sourceTree = "<group>"; };
		EB84C6BC29F818C400361D91 /* Base */ = {isa = PBXFileReference; lastKnownFileType = file.storyboard; name = Base; path = Base.lproj/LaunchScreen.storyboard; sourceTree = "<group>"; };
		EB84C6BE29F818C400361D91 /* Info.plist */ = {isa = PBXFileReference; lastKnownFileType = text.plist.xml; path = Info.plist; sourceTree = "<group>"; };
		EB84C6C329F818C400361D91 /* MovieRankTests.xctest */ = {isa = PBXFileReference; explicitFileType = wrapper.cfbundle; includeInIndex = 0; path = MovieRankTests.xctest; sourceTree = BUILT_PRODUCTS_DIR; };
		EB84C6C729F818C400361D91 /* MovieRankTests.swift */ = {isa = PBXFileReference; lastKnownFileType = sourcecode.swift; path = MovieRankTests.swift; sourceTree = "<group>"; };
		EB84C6CD29F818C400361D91 /* MovieRankUITests.xctest */ = {isa = PBXFileReference; explicitFileType = wrapper.cfbundle; includeInIndex = 0; path = MovieRankUITests.xctest; sourceTree = BUILT_PRODUCTS_DIR; };
		EB84C6D129F818C400361D91 /* MovieRankUITests.swift */ = {isa = PBXFileReference; lastKnownFileType = sourcecode.swift; path = MovieRankUITests.swift; sourceTree = "<group>"; };
		EB84C6D329F818C400361D91 /* MovieRankUITestsLaunchTests.swift */ = {isa = PBXFileReference; lastKnownFileType = sourcecode.swift; path = MovieRankUITestsLaunchTests.swift; sourceTree = "<group>"; };
		EB84C6E229F819C300361D91 /* MainViewController.swift */ = {isa = PBXFileReference; lastKnownFileType = sourcecode.swift; path = MainViewController.swift; sourceTree = "<group>"; };
		EB84C6E629F82CD100361D91 /* MainView.swift */ = {isa = PBXFileReference; lastKnownFileType = sourcecode.swift; path = MainView.swift; sourceTree = "<group>"; };
		EBD98F4C29F8B83E00891BC9 /* APIKey.swift */ = {isa = PBXFileReference; lastKnownFileType = sourcecode.swift; path = APIKey.swift; sourceTree = "<group>"; };
		ED14E65113BB6AD6FC08C9BE /* Pods_MovieRankTests.framework */ = {isa = PBXFileReference; explicitFileType = wrapper.framework; includeInIndex = 0; path = Pods_MovieRankTests.framework; sourceTree = BUILT_PRODUCTS_DIR; };
/* End PBXFileReference section */

/* Begin PBXFrameworksBuildPhase section */
		EB84C6AA29F818C200361D91 /* Frameworks */ = {
			isa = PBXFrameworksBuildPhase;
			buildActionMask = 2147483647;
			files = (
				E97619A65A6AEACD3A9F4A24 /* Pods_MovieRank.framework in Frameworks */,
			);
			runOnlyForDeploymentPostprocessing = 0;
		};
		EB84C6C029F818C400361D91 /* Frameworks */ = {
			isa = PBXFrameworksBuildPhase;
			buildActionMask = 2147483647;
			files = (
				D152B6CAECB9C8FEDCF33896 /* Pods_MovieRankTests.framework in Frameworks */,
			);
			runOnlyForDeploymentPostprocessing = 0;
		};
		EB84C6CA29F818C400361D91 /* Frameworks */ = {
			isa = PBXFrameworksBuildPhase;
			buildActionMask = 2147483647;
			files = (
				1AB26679B2536C7B1A63F955 /* Pods_MovieRank_MovieRankUITests.framework in Frameworks */,
			);
			runOnlyForDeploymentPostprocessing = 0;
		};
/* End PBXFrameworksBuildPhase section */

/* Begin PBXGroup section */
		1AAC971DA9C1A8CCC15A786D /* Frameworks */ = {
			isa = PBXGroup;
			children = (
				22F77DC94A978F25F2F67E4A /* Pods_MovieRank.framework */,
				56198FD3524AA0C072BAC703 /* Pods_MovieRank_MovieRankUITests.framework */,
				ED14E65113BB6AD6FC08C9BE /* Pods_MovieRankTests.framework */,
			);
			name = Frameworks;
			sourceTree = "<group>";
		};
		EB09C86B29FA4BDA001DF62B /* View Model */ = {
			isa = PBXGroup;
			children = (
				EB09C86C29FA96B0001DF62B /* ViewModel.swift */,
			);
			path = "View Model";
			sourceTree = "<group>";
		};
		EB0FC67C29FB61C1001E4590 /* View */ = {
			isa = PBXGroup;
			children = (
				EB0FC67D29FB6204001E4590 /* Main */,
				EB0FC67E29FB620D001E4590 /* Detail */,
			);
			path = View;
			sourceTree = "<group>";
		};
		EB0FC67D29FB6204001E4590 /* Main */ = {
			isa = PBXGroup;
			children = (
				EB84C6E629F82CD100361D91 /* MainView.swift */,
				EB09C86129F8EADC001DF62B /* MainViewCell.swift */,
			);
			path = Main;
			sourceTree = "<group>";
		};
		EB0FC67E29FB620D001E4590 /* Detail */ = {
			isa = PBXGroup;
			children = (
				EB09C86329FA181C001DF62B /* DetailView.swift */,
				EB09C86529FA2662001DF62B /* CollectionReusableViewCollectionReusableView.swift */,
				EB09C86729FA3435001DF62B /* PosterViewCell.swift */,
				EB09C86929FA3441001DF62B /* OverviewCell.swift */,
			);
			path = Detail;
			sourceTree = "<group>";
		};
		EB0FC67F29FB6260001E4590 /* Model */ = {
			isa = PBXGroup;
			children = (
				EB09C85D29F8D34F001DF62B /* Movie.swift */,
			);
			path = Model;
			sourceTree = "<group>";
		};
		EB84C6A429F818C200361D91 = {
			isa = PBXGroup;
			children = (
				EB84C6AF29F818C200361D91 /* MovieRank */,
				EB84C6C629F818C400361D91 /* MovieRankTests */,
				EB84C6D029F818C400361D91 /* MovieRankUITests */,
				EB84C6AE29F818C200361D91 /* Products */,
				F484326A57ECB60B6F008A10 /* Pods */,
				1AAC971DA9C1A8CCC15A786D /* Frameworks */,
			);
			sourceTree = "<group>";
		};
		EB84C6AE29F818C200361D91 /* Products */ = {
			isa = PBXGroup;
			children = (
				EB84C6AD29F818C200361D91 /* MovieRank.app */,
				EB84C6C329F818C400361D91 /* MovieRankTests.xctest */,
				EB84C6CD29F818C400361D91 /* MovieRankUITests.xctest */,
			);
			name = Products;
			sourceTree = "<group>";
		};
		EB84C6AF29F818C200361D91 /* MovieRank */ = {
			isa = PBXGroup;
			children = (
				EB09C86B29FA4BDA001DF62B /* View Model */,
				EB0FC67F29FB6260001E4590 /* Model */,
				EB84C6E129F819B100361D91 /* Controllers */,
				EB0FC67C29FB61C1001E4590 /* View */,
				EBD98F4729F8B65E00891BC9 /* Networks */,
				EB84C6B029F818C200361D91 /* AppDelegate.swift */,
				EB84C6B229F818C200361D91 /* SceneDelegate.swift */,
				EB84C6B629F818C200361D91 /* Main.storyboard */,
				EB84C6B929F818C400361D91 /* Assets.xcassets */,
				EB84C6BB29F818C400361D91 /* LaunchScreen.storyboard */,
				EB84C6BE29F818C400361D91 /* Info.plist */,
			);
			path = MovieRank;
			sourceTree = "<group>";
		};
		EB84C6C629F818C400361D91 /* MovieRankTests */ = {
			isa = PBXGroup;
			children = (
				EB84C6C729F818C400361D91 /* MovieRankTests.swift */,
			);
			path = MovieRankTests;
			sourceTree = "<group>";
		};
		EB84C6D029F818C400361D91 /* MovieRankUITests */ = {
			isa = PBXGroup;
			children = (
				EB84C6D129F818C400361D91 /* MovieRankUITests.swift */,
				EB84C6D329F818C400361D91 /* MovieRankUITestsLaunchTests.swift */,
			);
			path = MovieRankUITests;
			sourceTree = "<group>";
		};
		EB84C6E129F819B100361D91 /* Controllers */ = {
			isa = PBXGroup;
			children = (
				EB84C6E229F819C300361D91 /* MainViewController.swift */,
				EB09C85B29F8B8E8001DF62B /* DetailViewController.swift */,
			);
			path = Controllers;
			sourceTree = "<group>";
		};
		EBD98F4729F8B65E00891BC9 /* Networks */ = {
			isa = PBXGroup;
			children = (
				EBD98F4C29F8B83E00891BC9 /* APIKey.swift */,
				EB0FC68029FB627F001E4590 /* APIManager.swift */,
			);
			path = Networks;
			sourceTree = "<group>";
		};
		F484326A57ECB60B6F008A10 /* Pods */ = {
			isa = PBXGroup;
			children = (
				E9F505FB97EA08474A4C56B6 /* Pods-MovieRank.debug.xcconfig */,
				B58124DC595923A46FDB6330 /* Pods-MovieRank.release.xcconfig */,
				A85EA2A7C4A2F22C5418624F /* Pods-MovieRank-MovieRankUITests.debug.xcconfig */,
				9196972D32F58F844538DB9C /* Pods-MovieRank-MovieRankUITests.release.xcconfig */,
				A2B95DA0FDC8E15067B496BC /* Pods-MovieRankTests.debug.xcconfig */,
				5BA7634E7A75ECC1A17C5FFD /* Pods-MovieRankTests.release.xcconfig */,
			);
			path = Pods;
			sourceTree = "<group>";
		};
/* End PBXGroup section */

/* Begin PBXNativeTarget section */
		EB84C6AC29F818C200361D91 /* MovieRank */ = {
			isa = PBXNativeTarget;
			buildConfigurationList = EB84C6D729F818C400361D91 /* Build configuration list for PBXNativeTarget "MovieRank" */;
			buildPhases = (
				1DE4DFBF8ECFF03F8C51DB70 /* [CP] Check Pods Manifest.lock */,
				EB84C6A929F818C200361D91 /* Sources */,
				EB84C6AA29F818C200361D91 /* Frameworks */,
				EB84C6AB29F818C200361D91 /* Resources */,
				14C29FE4074CCDE9F2F08D35 /* [CP] Embed Pods Frameworks */,
			);
			buildRules = (
			);
			dependencies = (
			);
			name = MovieRank;
			productName = MovieRank;
			productReference = EB84C6AD29F818C200361D91 /* MovieRank.app */;
			productType = "com.apple.product-type.application";
		};
		EB84C6C229F818C400361D91 /* MovieRankTests */ = {
			isa = PBXNativeTarget;
			buildConfigurationList = EB84C6DA29F818C400361D91 /* Build configuration list for PBXNativeTarget "MovieRankTests" */;
			buildPhases = (
				3B4B717D1A05BE51179D9FD5 /* [CP] Check Pods Manifest.lock */,
				EB84C6BF29F818C400361D91 /* Sources */,
				EB84C6C029F818C400361D91 /* Frameworks */,
				EB84C6C129F818C400361D91 /* Resources */,
				B02B6B5D0F8371662E574D39 /* [CP] Embed Pods Frameworks */,
			);
			buildRules = (
			);
			dependencies = (
				EB84C6C529F818C400361D91 /* PBXTargetDependency */,
			);
			name = MovieRankTests;
			productName = MovieRankTests;
			productReference = EB84C6C329F818C400361D91 /* MovieRankTests.xctest */;
			productType = "com.apple.product-type.bundle.unit-test";
		};
		EB84C6CC29F818C400361D91 /* MovieRankUITests */ = {
			isa = PBXNativeTarget;
			buildConfigurationList = EB84C6DD29F818C400361D91 /* Build configuration list for PBXNativeTarget "MovieRankUITests" */;
			buildPhases = (
				846B98EACE6A492C26338ABB /* [CP] Check Pods Manifest.lock */,
				EB84C6C929F818C400361D91 /* Sources */,
				EB84C6CA29F818C400361D91 /* Frameworks */,
				EB84C6CB29F818C400361D91 /* Resources */,
				EC02FCE28C4F08F8DFB607D4 /* [CP] Embed Pods Frameworks */,
			);
			buildRules = (
			);
			dependencies = (
				EB84C6CF29F818C400361D91 /* PBXTargetDependency */,
			);
			name = MovieRankUITests;
			productName = MovieRankUITests;
			productReference = EB84C6CD29F818C400361D91 /* MovieRankUITests.xctest */;
			productType = "com.apple.product-type.bundle.ui-testing";
		};
/* End PBXNativeTarget section */

/* Begin PBXProject section */
		EB84C6A529F818C200361D91 /* Project object */ = {
			isa = PBXProject;
			attributes = {
				BuildIndependentTargetsInParallel = 1;
				LastSwiftUpdateCheck = 1420;
				LastUpgradeCheck = 1420;
				TargetAttributes = {
					EB84C6AC29F818C200361D91 = {
						CreatedOnToolsVersion = 14.2;
					};
					EB84C6C229F818C400361D91 = {
						CreatedOnToolsVersion = 14.2;
						TestTargetID = EB84C6AC29F818C200361D91;
					};
					EB84C6CC29F818C400361D91 = {
						CreatedOnToolsVersion = 14.2;
						TestTargetID = EB84C6AC29F818C200361D91;
					};
				};
			};
			buildConfigurationList = EB84C6A829F818C200361D91 /* Build configuration list for PBXProject "MovieRank" */;
			compatibilityVersion = "Xcode 14.0";
			developmentRegion = en;
			hasScannedForEncodings = 0;
			knownRegions = (
				en,
				Base,
			);
			mainGroup = EB84C6A429F818C200361D91;
			productRefGroup = EB84C6AE29F818C200361D91 /* Products */;
			projectDirPath = "";
			projectRoot = "";
			targets = (
				EB84C6AC29F818C200361D91 /* MovieRank */,
				EB84C6C229F818C400361D91 /* MovieRankTests */,
				EB84C6CC29F818C400361D91 /* MovieRankUITests */,
			);
		};
/* End PBXProject section */

/* Begin PBXResourcesBuildPhase section */
		EB84C6AB29F818C200361D91 /* Resources */ = {
			isa = PBXResourcesBuildPhase;
			buildActionMask = 2147483647;
			files = (
				EB84C6BD29F818C400361D91 /* LaunchScreen.storyboard in Resources */,
				EB84C6BA29F818C400361D91 /* Assets.xcassets in Resources */,
				EB84C6B829F818C200361D91 /* Main.storyboard in Resources */,
			);
			runOnlyForDeploymentPostprocessing = 0;
		};
		EB84C6C129F818C400361D91 /* Resources */ = {
			isa = PBXResourcesBuildPhase;
			buildActionMask = 2147483647;
			files = (
			);
			runOnlyForDeploymentPostprocessing = 0;
		};
		EB84C6CB29F818C400361D91 /* Resources */ = {
			isa = PBXResourcesBuildPhase;
			buildActionMask = 2147483647;
			files = (
			);
			runOnlyForDeploymentPostprocessing = 0;
		};
/* End PBXResourcesBuildPhase section */

/* Begin PBXShellScriptBuildPhase section */
		14C29FE4074CCDE9F2F08D35 /* [CP] Embed Pods Frameworks */ = {
			isa = PBXShellScriptBuildPhase;
			buildActionMask = 2147483647;
			files = (
			);
			inputFileListPaths = (
				"${PODS_ROOT}/Target Support Files/Pods-MovieRank/Pods-MovieRank-frameworks-${CONFIGURATION}-input-files.xcfilelist",
			);
			name = "[CP] Embed Pods Frameworks";
			outputFileListPaths = (
				"${PODS_ROOT}/Target Support Files/Pods-MovieRank/Pods-MovieRank-frameworks-${CONFIGURATION}-output-files.xcfilelist",
			);
			runOnlyForDeploymentPostprocessing = 0;
			shellPath = /bin/sh;
			shellScript = "\"${PODS_ROOT}/Target Support Files/Pods-MovieRank/Pods-MovieRank-frameworks.sh\"\n";
			showEnvVarsInLog = 0;
		};
		1DE4DFBF8ECFF03F8C51DB70 /* [CP] Check Pods Manifest.lock */ = {
			isa = PBXShellScriptBuildPhase;
			buildActionMask = 2147483647;
			files = (
			);
			inputFileListPaths = (
			);
			inputPaths = (
				"${PODS_PODFILE_DIR_PATH}/Podfile.lock",
				"${PODS_ROOT}/Manifest.lock",
			);
			name = "[CP] Check Pods Manifest.lock";
			outputFileListPaths = (
			);
			outputPaths = (
				"$(DERIVED_FILE_DIR)/Pods-MovieRank-checkManifestLockResult.txt",
			);
			runOnlyForDeploymentPostprocessing = 0;
			shellPath = /bin/sh;
			shellScript = "diff \"${PODS_PODFILE_DIR_PATH}/Podfile.lock\" \"${PODS_ROOT}/Manifest.lock\" > /dev/null\nif [ $? != 0 ] ; then\n    # print error to STDERR\n    echo \"error: The sandbox is not in sync with the Podfile.lock. Run 'pod install' or update your CocoaPods installation.\" >&2\n    exit 1\nfi\n# This output is used by Xcode 'outputs' to avoid re-running this script phase.\necho \"SUCCESS\" > \"${SCRIPT_OUTPUT_FILE_0}\"\n";
			showEnvVarsInLog = 0;
		};
		3B4B717D1A05BE51179D9FD5 /* [CP] Check Pods Manifest.lock */ = {
			isa = PBXShellScriptBuildPhase;
			buildActionMask = 2147483647;
			files = (
			);
			inputFileListPaths = (
			);
			inputPaths = (
				"${PODS_PODFILE_DIR_PATH}/Podfile.lock",
				"${PODS_ROOT}/Manifest.lock",
			);
			name = "[CP] Check Pods Manifest.lock";
			outputFileListPaths = (
			);
			outputPaths = (
				"$(DERIVED_FILE_DIR)/Pods-MovieRankTests-checkManifestLockResult.txt",
			);
			runOnlyForDeploymentPostprocessing = 0;
			shellPath = /bin/sh;
			shellScript = "diff \"${PODS_PODFILE_DIR_PATH}/Podfile.lock\" \"${PODS_ROOT}/Manifest.lock\" > /dev/null\nif [ $? != 0 ] ; then\n    # print error to STDERR\n    echo \"error: The sandbox is not in sync with the Podfile.lock. Run 'pod install' or update your CocoaPods installation.\" >&2\n    exit 1\nfi\n# This output is used by Xcode 'outputs' to avoid re-running this script phase.\necho \"SUCCESS\" > \"${SCRIPT_OUTPUT_FILE_0}\"\n";
			showEnvVarsInLog = 0;
		};
		846B98EACE6A492C26338ABB /* [CP] Check Pods Manifest.lock */ = {
			isa = PBXShellScriptBuildPhase;
			buildActionMask = 2147483647;
			files = (
			);
			inputFileListPaths = (
			);
			inputPaths = (
				"${PODS_PODFILE_DIR_PATH}/Podfile.lock",
				"${PODS_ROOT}/Manifest.lock",
			);
			name = "[CP] Check Pods Manifest.lock";
			outputFileListPaths = (
			);
			outputPaths = (
				"$(DERIVED_FILE_DIR)/Pods-MovieRank-MovieRankUITests-checkManifestLockResult.txt",
			);
			runOnlyForDeploymentPostprocessing = 0;
			shellPath = /bin/sh;
			shellScript = "diff \"${PODS_PODFILE_DIR_PATH}/Podfile.lock\" \"${PODS_ROOT}/Manifest.lock\" > /dev/null\nif [ $? != 0 ] ; then\n    # print error to STDERR\n    echo \"error: The sandbox is not in sync with the Podfile.lock. Run 'pod install' or update your CocoaPods installation.\" >&2\n    exit 1\nfi\n# This output is used by Xcode 'outputs' to avoid re-running this script phase.\necho \"SUCCESS\" > \"${SCRIPT_OUTPUT_FILE_0}\"\n";
			showEnvVarsInLog = 0;
		};
		B02B6B5D0F8371662E574D39 /* [CP] Embed Pods Frameworks */ = {
			isa = PBXShellScriptBuildPhase;
			buildActionMask = 2147483647;
			files = (
			);
			inputFileListPaths = (
				"${PODS_ROOT}/Target Support Files/Pods-MovieRankTests/Pods-MovieRankTests-frameworks-${CONFIGURATION}-input-files.xcfilelist",
			);
			name = "[CP] Embed Pods Frameworks";
			outputFileListPaths = (
				"${PODS_ROOT}/Target Support Files/Pods-MovieRankTests/Pods-MovieRankTests-frameworks-${CONFIGURATION}-output-files.xcfilelist",
			);
			runOnlyForDeploymentPostprocessing = 0;
			shellPath = /bin/sh;
			shellScript = "\"${PODS_ROOT}/Target Support Files/Pods-MovieRankTests/Pods-MovieRankTests-frameworks.sh\"\n";
			showEnvVarsInLog = 0;
		};
		EC02FCE28C4F08F8DFB607D4 /* [CP] Embed Pods Frameworks */ = {
			isa = PBXShellScriptBuildPhase;
			buildActionMask = 2147483647;
			files = (
			);
			inputFileListPaths = (
				"${PODS_ROOT}/Target Support Files/Pods-MovieRank-MovieRankUITests/Pods-MovieRank-MovieRankUITests-frameworks-${CONFIGURATION}-input-files.xcfilelist",
			);
			name = "[CP] Embed Pods Frameworks";
			outputFileListPaths = (
				"${PODS_ROOT}/Target Support Files/Pods-MovieRank-MovieRankUITests/Pods-MovieRank-MovieRankUITests-frameworks-${CONFIGURATION}-output-files.xcfilelist",
			);
			runOnlyForDeploymentPostprocessing = 0;
			shellPath = /bin/sh;
			shellScript = "\"${PODS_ROOT}/Target Support Files/Pods-MovieRank-MovieRankUITests/Pods-MovieRank-MovieRankUITests-frameworks.sh\"\n";
			showEnvVarsInLog = 0;
		};
/* End PBXShellScriptBuildPhase section */

/* Begin PBXSourcesBuildPhase section */
		EB84C6A929F818C200361D91 /* Sources */ = {
			isa = PBXSourcesBuildPhase;
			buildActionMask = 2147483647;
			files = (
				EB09C86A29FA3441001DF62B /* OverviewCell.swift in Sources */,
				EB09C85E29F8D34F001DF62B /* Movie.swift in Sources */,
				EB09C86429FA181C001DF62B /* DetailView.swift in Sources */,
				EB09C86629FA2662001DF62B /* CollectionReusableViewCollectionReusableView.swift in Sources */,
				EB84C6E329F819C300361D91 /* MainViewController.swift in Sources */,
				EB84C6E729F82CD100361D91 /* MainView.swift in Sources */,
				EB0FC68129FB627F001E4590 /* APIManager.swift in Sources */,
				EB09C86D29FA96B0001DF62B /* ViewModel.swift in Sources */,
				EB09C86229F8EADC001DF62B /* MainViewCell.swift in Sources */,
				EB84C6B129F818C200361D91 /* AppDelegate.swift in Sources */,
				EB09C85C29F8B8E8001DF62B /* DetailViewController.swift in Sources */,
				EB84C6B329F818C200361D91 /* SceneDelegate.swift in Sources */,
				EB09C86829FA3435001DF62B /* PosterViewCell.swift in Sources */,
				EBD98F4D29F8B83E00891BC9 /* APIKey.swift in Sources */,
			);
			runOnlyForDeploymentPostprocessing = 0;
		};
		EB84C6BF29F818C400361D91 /* Sources */ = {
			isa = PBXSourcesBuildPhase;
			buildActionMask = 2147483647;
			files = (
				EB84C6C829F818C400361D91 /* MovieRankTests.swift in Sources */,
			);
			runOnlyForDeploymentPostprocessing = 0;
		};
		EB84C6C929F818C400361D91 /* Sources */ = {
			isa = PBXSourcesBuildPhase;
			buildActionMask = 2147483647;
			files = (
				EB84C6D229F818C400361D91 /* MovieRankUITests.swift in Sources */,
				EB84C6D429F818C400361D91 /* MovieRankUITestsLaunchTests.swift in Sources */,
			);
			runOnlyForDeploymentPostprocessing = 0;
		};
/* End PBXSourcesBuildPhase section */

/* Begin PBXTargetDependency section */
		EB84C6C529F818C400361D91 /* PBXTargetDependency */ = {
			isa = PBXTargetDependency;
			target = EB84C6AC29F818C200361D91 /* MovieRank */;
			targetProxy = EB84C6C429F818C400361D91 /* PBXContainerItemProxy */;
		};
		EB84C6CF29F818C400361D91 /* PBXTargetDependency */ = {
			isa = PBXTargetDependency;
			target = EB84C6AC29F818C200361D91 /* MovieRank */;
			targetProxy = EB84C6CE29F818C400361D91 /* PBXContainerItemProxy */;
		};
/* End PBXTargetDependency section */

/* Begin PBXVariantGroup section */
		EB84C6B629F818C200361D91 /* Main.storyboard */ = {
			isa = PBXVariantGroup;
			children = (
				EB84C6B729F818C200361D91 /* Base */,
			);
			name = Main.storyboard;
			sourceTree = "<group>";
		};
		EB84C6BB29F818C400361D91 /* LaunchScreen.storyboard */ = {
			isa = PBXVariantGroup;
			children = (
				EB84C6BC29F818C400361D91 /* Base */,
			);
			name = LaunchScreen.storyboard;
			sourceTree = "<group>";
		};
/* End PBXVariantGroup section */

/* Begin XCBuildConfiguration section */
		EB84C6D529F818C400361D91 /* Debug */ = {
			isa = XCBuildConfiguration;
			buildSettings = {
				ALWAYS_SEARCH_USER_PATHS = NO;
				CLANG_ANALYZER_NONNULL = YES;
				CLANG_ANALYZER_NUMBER_OBJECT_CONVERSION = YES_AGGRESSIVE;
				CLANG_CXX_LANGUAGE_STANDARD = "gnu++20";
				CLANG_ENABLE_MODULES = YES;
				CLANG_ENABLE_OBJC_ARC = YES;
				CLANG_ENABLE_OBJC_WEAK = YES;
				CLANG_WARN_BLOCK_CAPTURE_AUTORELEASING = YES;
				CLANG_WARN_BOOL_CONVERSION = YES;
				CLANG_WARN_COMMA = YES;
				CLANG_WARN_CONSTANT_CONVERSION = YES;
				CLANG_WARN_DEPRECATED_OBJC_IMPLEMENTATIONS = YES;
				CLANG_WARN_DIRECT_OBJC_ISA_USAGE = YES_ERROR;
				CLANG_WARN_DOCUMENTATION_COMMENTS = YES;
				CLANG_WARN_EMPTY_BODY = YES;
				CLANG_WARN_ENUM_CONVERSION = YES;
				CLANG_WARN_INFINITE_RECURSION = YES;
				CLANG_WARN_INT_CONVERSION = YES;
				CLANG_WARN_NON_LITERAL_NULL_CONVERSION = YES;
				CLANG_WARN_OBJC_IMPLICIT_RETAIN_SELF = YES;
				CLANG_WARN_OBJC_LITERAL_CONVERSION = YES;
				CLANG_WARN_OBJC_ROOT_CLASS = YES_ERROR;
				CLANG_WARN_QUOTED_INCLUDE_IN_FRAMEWORK_HEADER = YES;
				CLANG_WARN_RANGE_LOOP_ANALYSIS = YES;
				CLANG_WARN_STRICT_PROTOTYPES = YES;
				CLANG_WARN_SUSPICIOUS_MOVE = YES;
				CLANG_WARN_UNGUARDED_AVAILABILITY = YES_AGGRESSIVE;
				CLANG_WARN_UNREACHABLE_CODE = YES;
				CLANG_WARN__DUPLICATE_METHOD_MATCH = YES;
				COPY_PHASE_STRIP = NO;
				DEBUG_INFORMATION_FORMAT = dwarf;
				ENABLE_STRICT_OBJC_MSGSEND = YES;
				ENABLE_TESTABILITY = YES;
				GCC_C_LANGUAGE_STANDARD = gnu11;
				GCC_DYNAMIC_NO_PIC = NO;
				GCC_NO_COMMON_BLOCKS = YES;
				GCC_OPTIMIZATION_LEVEL = 0;
				GCC_PREPROCESSOR_DEFINITIONS = (
					"DEBUG=1",
					"$(inherited)",
				);
				GCC_WARN_64_TO_32_BIT_CONVERSION = YES;
				GCC_WARN_ABOUT_RETURN_TYPE = YES_ERROR;
				GCC_WARN_UNDECLARED_SELECTOR = YES;
				GCC_WARN_UNINITIALIZED_AUTOS = YES_AGGRESSIVE;
				GCC_WARN_UNUSED_FUNCTION = YES;
				GCC_WARN_UNUSED_VARIABLE = YES;
				IPHONEOS_DEPLOYMENT_TARGET = 14.0;
				MTL_ENABLE_DEBUG_INFO = INCLUDE_SOURCE;
				MTL_FAST_MATH = YES;
				ONLY_ACTIVE_ARCH = YES;
				SDKROOT = iphoneos;
				SWIFT_ACTIVE_COMPILATION_CONDITIONS = DEBUG;
				SWIFT_OPTIMIZATION_LEVEL = "-Onone";
			};
			name = Debug;
		};
		EB84C6D629F818C400361D91 /* Release */ = {
			isa = XCBuildConfiguration;
			buildSettings = {
				ALWAYS_SEARCH_USER_PATHS = NO;
				CLANG_ANALYZER_NONNULL = YES;
				CLANG_ANALYZER_NUMBER_OBJECT_CONVERSION = YES_AGGRESSIVE;
				CLANG_CXX_LANGUAGE_STANDARD = "gnu++20";
				CLANG_ENABLE_MODULES = YES;
				CLANG_ENABLE_OBJC_ARC = YES;
				CLANG_ENABLE_OBJC_WEAK = YES;
				CLANG_WARN_BLOCK_CAPTURE_AUTORELEASING = YES;
				CLANG_WARN_BOOL_CONVERSION = YES;
				CLANG_WARN_COMMA = YES;
				CLANG_WARN_CONSTANT_CONVERSION = YES;
				CLANG_WARN_DEPRECATED_OBJC_IMPLEMENTATIONS = YES;
				CLANG_WARN_DIRECT_OBJC_ISA_USAGE = YES_ERROR;
				CLANG_WARN_DOCUMENTATION_COMMENTS = YES;
				CLANG_WARN_EMPTY_BODY = YES;
				CLANG_WARN_ENUM_CONVERSION = YES;
				CLANG_WARN_INFINITE_RECURSION = YES;
				CLANG_WARN_INT_CONVERSION = YES;
				CLANG_WARN_NON_LITERAL_NULL_CONVERSION = YES;
				CLANG_WARN_OBJC_IMPLICIT_RETAIN_SELF = YES;
				CLANG_WARN_OBJC_LITERAL_CONVERSION = YES;
				CLANG_WARN_OBJC_ROOT_CLASS = YES_ERROR;
				CLANG_WARN_QUOTED_INCLUDE_IN_FRAMEWORK_HEADER = YES;
				CLANG_WARN_RANGE_LOOP_ANALYSIS = YES;
				CLANG_WARN_STRICT_PROTOTYPES = YES;
				CLANG_WARN_SUSPICIOUS_MOVE = YES;
				CLANG_WARN_UNGUARDED_AVAILABILITY = YES_AGGRESSIVE;
				CLANG_WARN_UNREACHABLE_CODE = YES;
				CLANG_WARN__DUPLICATE_METHOD_MATCH = YES;
				COPY_PHASE_STRIP = NO;
				DEBUG_INFORMATION_FORMAT = "dwarf-with-dsym";
				ENABLE_NS_ASSERTIONS = NO;
				ENABLE_STRICT_OBJC_MSGSEND = YES;
				GCC_C_LANGUAGE_STANDARD = gnu11;
				GCC_NO_COMMON_BLOCKS = YES;
				GCC_WARN_64_TO_32_BIT_CONVERSION = YES;
				GCC_WARN_ABOUT_RETURN_TYPE = YES_ERROR;
				GCC_WARN_UNDECLARED_SELECTOR = YES;
				GCC_WARN_UNINITIALIZED_AUTOS = YES_AGGRESSIVE;
				GCC_WARN_UNUSED_FUNCTION = YES;
				GCC_WARN_UNUSED_VARIABLE = YES;
				IPHONEOS_DEPLOYMENT_TARGET = 14.0;
				MTL_ENABLE_DEBUG_INFO = NO;
				MTL_FAST_MATH = YES;
				SDKROOT = iphoneos;
				SWIFT_COMPILATION_MODE = wholemodule;
				SWIFT_OPTIMIZATION_LEVEL = "-O";
				VALIDATE_PRODUCT = YES;
			};
			name = Release;
		};
		EB84C6D829F818C400361D91 /* Debug */ = {
			isa = XCBuildConfiguration;
			baseConfigurationReference = E9F505FB97EA08474A4C56B6 /* Pods-MovieRank.debug.xcconfig */;
			buildSettings = {
				ASSETCATALOG_COMPILER_APPICON_NAME = AppIcon;
				ASSETCATALOG_COMPILER_GLOBAL_ACCENT_COLOR_NAME = AccentColor;
				CODE_SIGN_STYLE = Automatic;
				CURRENT_PROJECT_VERSION = 1;
				DEVELOPMENT_TEAM = H2FTMY38H7;
				GENERATE_INFOPLIST_FILE = YES;
				INFOPLIST_FILE = MovieRank/Info.plist;
				INFOPLIST_KEY_UIApplicationSupportsIndirectInputEvents = YES;
				INFOPLIST_KEY_UILaunchStoryboardName = LaunchScreen;
				INFOPLIST_KEY_UIMainStoryboardFile = Main;
				INFOPLIST_KEY_UISupportedInterfaceOrientations = UIInterfaceOrientationPortrait;
				INFOPLIST_KEY_UISupportedInterfaceOrientations_iPad = "UIInterfaceOrientationLandscapeLeft UIInterfaceOrientationLandscapeRight UIInterfaceOrientationPortrait UIInterfaceOrientationPortraitUpsideDown";
				IPHONEOS_DEPLOYMENT_TARGET = 14.0;
				LD_RUNPATH_SEARCH_PATHS = (
					"$(inherited)",
					"@executable_path/Frameworks",
				);
				MARKETING_VERSION = 1.0;
				PRODUCT_BUNDLE_IDENTIFIER = Joobang.MovieRank;
				PRODUCT_NAME = "$(TARGET_NAME)";
				SUPPORTED_PLATFORMS = "iphoneos iphonesimulator";
				SUPPORTS_MACCATALYST = NO;
				SUPPORTS_MAC_DESIGNED_FOR_IPHONE_IPAD = NO;
				SWIFT_EMIT_LOC_STRINGS = YES;
				SWIFT_VERSION = 5.0;
				TARGETED_DEVICE_FAMILY = 1;
			};
			name = Debug;
		};
		EB84C6D929F818C400361D91 /* Release */ = {
			isa = XCBuildConfiguration;
			baseConfigurationReference = B58124DC595923A46FDB6330 /* Pods-MovieRank.release.xcconfig */;
			buildSettings = {
				ASSETCATALOG_COMPILER_APPICON_NAME = AppIcon;
				ASSETCATALOG_COMPILER_GLOBAL_ACCENT_COLOR_NAME = AccentColor;
				CODE_SIGN_STYLE = Automatic;
				CURRENT_PROJECT_VERSION = 1;
				DEVELOPMENT_TEAM = H2FTMY38H7;
				GENERATE_INFOPLIST_FILE = YES;
				INFOPLIST_FILE = MovieRank/Info.plist;
				INFOPLIST_KEY_UIApplicationSupportsIndirectInputEvents = YES;
				INFOPLIST_KEY_UILaunchStoryboardName = LaunchScreen;
				INFOPLIST_KEY_UIMainStoryboardFile = Main;
				INFOPLIST_KEY_UISupportedInterfaceOrientations = UIInterfaceOrientationPortrait;
				INFOPLIST_KEY_UISupportedInterfaceOrientations_iPad = "UIInterfaceOrientationLandscapeLeft UIInterfaceOrientationLandscapeRight UIInterfaceOrientationPortrait UIInterfaceOrientationPortraitUpsideDown";
				IPHONEOS_DEPLOYMENT_TARGET = 14.0;
				LD_RUNPATH_SEARCH_PATHS = (
					"$(inherited)",
					"@executable_path/Frameworks",
				);
				MARKETING_VERSION = 1.0;
				PRODUCT_BUNDLE_IDENTIFIER = Joobang.MovieRank;
				PRODUCT_NAME = "$(TARGET_NAME)";
				SUPPORTED_PLATFORMS = "iphoneos iphonesimulator";
				SUPPORTS_MACCATALYST = NO;
				SUPPORTS_MAC_DESIGNED_FOR_IPHONE_IPAD = NO;
				SWIFT_EMIT_LOC_STRINGS = YES;
				SWIFT_VERSION = 5.0;
				TARGETED_DEVICE_FAMILY = 1;
			};
			name = Release;
		};
		EB84C6DB29F818C400361D91 /* Debug */ = {
			isa = XCBuildConfiguration;
			baseConfigurationReference = A2B95DA0FDC8E15067B496BC /* Pods-MovieRankTests.debug.xcconfig */;
			buildSettings = {
				ALWAYS_EMBED_SWIFT_STANDARD_LIBRARIES = YES;
				BUNDLE_LOADER = "$(TEST_HOST)";
				CODE_SIGN_STYLE = Automatic;
				CURRENT_PROJECT_VERSION = 1;
				DEVELOPMENT_TEAM = H2FTMY38H7;
				GENERATE_INFOPLIST_FILE = YES;
				IPHONEOS_DEPLOYMENT_TARGET = 14.0;
				MARKETING_VERSION = 1.0;
				PRODUCT_BUNDLE_IDENTIFIER = Joobang.MovieRankTests;
				PRODUCT_NAME = "$(TARGET_NAME)";
				SUPPORTED_PLATFORMS = "iphoneos iphonesimulator";
				SUPPORTS_MACCATALYST = NO;
				SUPPORTS_MAC_DESIGNED_FOR_IPHONE_IPAD = NO;
				SWIFT_EMIT_LOC_STRINGS = NO;
				SWIFT_VERSION = 5.0;
				TARGETED_DEVICE_FAMILY = 1;
				TEST_HOST = "$(BUILT_PRODUCTS_DIR)/MovieRank.app/$(BUNDLE_EXECUTABLE_FOLDER_PATH)/MovieRank";
			};
			name = Debug;
		};
		EB84C6DC29F818C400361D91 /* Release */ = {
			isa = XCBuildConfiguration;
			baseConfigurationReference = 5BA7634E7A75ECC1A17C5FFD /* Pods-MovieRankTests.release.xcconfig */;
			buildSettings = {
				ALWAYS_EMBED_SWIFT_STANDARD_LIBRARIES = YES;
				BUNDLE_LOADER = "$(TEST_HOST)";
				CODE_SIGN_STYLE = Automatic;
				CURRENT_PROJECT_VERSION = 1;
				DEVELOPMENT_TEAM = H2FTMY38H7;
				GENERATE_INFOPLIST_FILE = YES;
				IPHONEOS_DEPLOYMENT_TARGET = 14.0;
				MARKETING_VERSION = 1.0;
				PRODUCT_BUNDLE_IDENTIFIER = Joobang.MovieRankTests;
				PRODUCT_NAME = "$(TARGET_NAME)";
				SUPPORTED_PLATFORMS = "iphoneos iphonesimulator";
				SUPPORTS_MACCATALYST = NO;
				SUPPORTS_MAC_DESIGNED_FOR_IPHONE_IPAD = NO;
				SWIFT_EMIT_LOC_STRINGS = NO;
				SWIFT_VERSION = 5.0;
				TARGETED_DEVICE_FAMILY = 1;
				TEST_HOST = "$(BUILT_PRODUCTS_DIR)/MovieRank.app/$(BUNDLE_EXECUTABLE_FOLDER_PATH)/MovieRank";
			};
			name = Release;
		};
		EB84C6DE29F818C400361D91 /* Debug */ = {
			isa = XCBuildConfiguration;
			baseConfigurationReference = A85EA2A7C4A2F22C5418624F /* Pods-MovieRank-MovieRankUITests.debug.xcconfig */;
			buildSettings = {
				ALWAYS_EMBED_SWIFT_STANDARD_LIBRARIES = YES;
				CODE_SIGN_STYLE = Automatic;
				CURRENT_PROJECT_VERSION = 1;
				DEVELOPMENT_TEAM = H2FTMY38H7;
				GENERATE_INFOPLIST_FILE = YES;
				IPHONEOS_DEPLOYMENT_TARGET = 14.0;
				MARKETING_VERSION = 1.0;
				PRODUCT_BUNDLE_IDENTIFIER = Joobang.MovieRankUITests;
				PRODUCT_NAME = "$(TARGET_NAME)";
				SUPPORTED_PLATFORMS = "iphoneos iphonesimulator";
				SUPPORTS_MACCATALYST = NO;
				SUPPORTS_MAC_DESIGNED_FOR_IPHONE_IPAD = NO;
				SWIFT_EMIT_LOC_STRINGS = NO;
				SWIFT_VERSION = 5.0;
				TARGETED_DEVICE_FAMILY = 1;
				TEST_TARGET_NAME = MovieRank;
			};
			name = Debug;
		};
		EB84C6DF29F818C400361D91 /* Release */ = {
			isa = XCBuildConfiguration;
			baseConfigurationReference = 9196972D32F58F844538DB9C /* Pods-MovieRank-MovieRankUITests.release.xcconfig */;
			buildSettings = {
				ALWAYS_EMBED_SWIFT_STANDARD_LIBRARIES = YES;
				CODE_SIGN_STYLE = Automatic;
				CURRENT_PROJECT_VERSION = 1;
				DEVELOPMENT_TEAM = H2FTMY38H7;
				GENERATE_INFOPLIST_FILE = YES;
				IPHONEOS_DEPLOYMENT_TARGET = 14.0;
				MARKETING_VERSION = 1.0;
				PRODUCT_BUNDLE_IDENTIFIER = Joobang.MovieRankUITests;
				PRODUCT_NAME = "$(TARGET_NAME)";
				SUPPORTED_PLATFORMS = "iphoneos iphonesimulator";
				SUPPORTS_MACCATALYST = NO;
				SUPPORTS_MAC_DESIGNED_FOR_IPHONE_IPAD = NO;
				SWIFT_EMIT_LOC_STRINGS = NO;
				SWIFT_VERSION = 5.0;
				TARGETED_DEVICE_FAMILY = 1;
				TEST_TARGET_NAME = MovieRank;
			};
			name = Release;
		};
/* End XCBuildConfiguration section */

/* Begin XCConfigurationList section */
		EB84C6A829F818C200361D91 /* Build configuration list for PBXProject "MovieRank" */ = {
			isa = XCConfigurationList;
			buildConfigurations = (
				EB84C6D529F818C400361D91 /* Debug */,
				EB84C6D629F818C400361D91 /* Release */,
			);
			defaultConfigurationIsVisible = 0;
			defaultConfigurationName = Release;
		};
		EB84C6D729F818C400361D91 /* Build configuration list for PBXNativeTarget "MovieRank" */ = {
			isa = XCConfigurationList;
			buildConfigurations = (
				EB84C6D829F818C400361D91 /* Debug */,
				EB84C6D929F818C400361D91 /* Release */,
			);
			defaultConfigurationIsVisible = 0;
			defaultConfigurationName = Release;
		};
		EB84C6DA29F818C400361D91 /* Build configuration list for PBXNativeTarget "MovieRankTests" */ = {
			isa = XCConfigurationList;
			buildConfigurations = (
				EB84C6DB29F818C400361D91 /* Debug */,
				EB84C6DC29F818C400361D91 /* Release */,
			);
			defaultConfigurationIsVisible = 0;
			defaultConfigurationName = Release;
		};
		EB84C6DD29F818C400361D91 /* Build configuration list for PBXNativeTarget "MovieRankUITests" */ = {
			isa = XCConfigurationList;
			buildConfigurations = (
				EB84C6DE29F818C400361D91 /* Debug */,
				EB84C6DF29F818C400361D91 /* Release */,
			);
			defaultConfigurationIsVisible = 0;
			defaultConfigurationName = Release;
		};
/* End XCConfigurationList section */
	};
	rootObject = EB84C6A529F818C200361D91 /* Project object */;
}
